// !$*UTF8*$!
{
	archiveVersion = 1;
	classes = {
	};
	objectVersion = 45;
	objects = {

/* Begin PBXBuildFile section */
		011E801B0F01949F0096FEB9 /* PlayButton.png in Resources */ = {isa = PBXBuildFile; fileRef = 011E80170F01949F0096FEB9 /* PlayButton.png */; };
		011E801C0F01949F0096FEB9 /* PauseButton.png in Resources */ = {isa = PBXBuildFile; fileRef = 011E80180F01949F0096FEB9 /* PauseButton.png */; };
		011E801D0F01949F0096FEB9 /* Loop.png in Resources */ = {isa = PBXBuildFile; fileRef = 011E80190F01949F0096FEB9 /* Loop.png */; };
		011E801E0F01949F0096FEB9 /* DontLoop.png in Resources */ = {isa = PBXBuildFile; fileRef = 011E801A0F01949F0096FEB9 /* DontLoop.png */; };
		01CE424C0F06D4A3009D7A86 /* AudioToolbox.framework in Frameworks */ = {isa = PBXBuildFile; fileRef = 01CE424B0F06D4A3009D7A86 /* AudioToolbox.framework */; };
		01F309020F00375E007E285D /* SimpleAudioPlayerInfo.plist in Resources */ = {isa = PBXBuildFile; fileRef = 01F309010F00375E007E285D /* SimpleAudioPlayerInfo.plist */; };
		01F309260F003EC6007E285D /* AVFoundation.framework in Frameworks */ = {isa = PBXBuildFile; fileRef = 01F309250F003EC6007E285D /* AVFoundation.framework */; };
		01F309570F00490B007E285D /* Icon.png in Resources */ = {isa = PBXBuildFile; fileRef = 01F309560F00490B007E285D /* Icon.png */; };
		01F3099E0F004DA4007E285D /* SimpleMinutesSecondsFormatter.m in Sources */ = {isa = PBXBuildFile; fileRef = 01F3099D0F004DA4007E285D /* SimpleMinutesSecondsFormatter.m */; };
		01F30A200F016AEF007E285D /* LevelMeterView.m in Sources */ = {isa = PBXBuildFile; fileRef = 01F30A1F0F016AEF007E285D /* LevelMeterView.m */; };
		1D3623260D0F684500981E51 /* SimpleAudioPlayerAppDelegate.m in Sources */ = {isa = PBXBuildFile; fileRef = 1D3623250D0F684500981E51 /* SimpleAudioPlayerAppDelegate.m */; };
		1D60589B0D05DD56006BFB54 /* main.m in Sources */ = {isa = PBXBuildFile; fileRef = 29B97316FDCFA39411CA2CEA /* main.m */; };
		1D60589F0D05DD5A006BFB54 /* Foundation.framework in Frameworks */ = {isa = PBXBuildFile; fileRef = 1D30AB110D05D00D00671497 /* Foundation.framework */; };
		1DF5F4E00D08C38300B7A737 /* UIKit.framework in Frameworks */ = {isa = PBXBuildFile; fileRef = 1DF5F4DF0D08C38300B7A737 /* UIKit.framework */; };
		288765A50DF7441C002DB57D /* CoreGraphics.framework in Frameworks */ = {isa = PBXBuildFile; fileRef = 288765A40DF7441C002DB57D /* CoreGraphics.framework */; };
		2899E5220DE3E06400AC0155 /* SimpleAudioPlayerViewController.xib in Resources */ = {isa = PBXBuildFile; fileRef = 2899E5210DE3E06400AC0155 /* SimpleAudioPlayerViewController.xib */; };
		28AD733F0D9D9553002E5188 /* MainWindow.xib in Resources */ = {isa = PBXBuildFile; fileRef = 28AD733E0D9D9553002E5188 /* MainWindow.xib */; };
		28D7ACF80DDB3853001CB0EB /* SimpleAudioPlayerViewController.m in Sources */ = {isa = PBXBuildFile; fileRef = 28D7ACF70DDB3853001CB0EB /* SimpleAudioPlayerViewController.m */; };
		37F0C22F0F5F281700BAB9F2 /* 春天里.mp3 in Resources */ = {isa = PBXBuildFile; fileRef = 37F0C22E0F5F281700BAB9F2 /* 春天里.mp3 */; };
/* End PBXBuildFile section */

/* Begin PBXFileReference section */
		011E80170F01949F0096FEB9 /* PlayButton.png */ = {isa = PBXFileReference; lastKnownFileType = image.png; path = PlayButton.png; sourceTree = "<group>"; };
		011E80180F01949F0096FEB9 /* PauseButton.png */ = {isa = PBXFileReference; lastKnownFileType = image.png; path = PauseButton.png; sourceTree = "<group>"; };
		011E80190F01949F0096FEB9 /* Loop.png */ = {isa = PBXFileReference; lastKnownFileType = image.png; path = Loop.png; sourceTree = "<group>"; };
		011E801A0F01949F0096FEB9 /* DontLoop.png */ = {isa = PBXFileReference; lastKnownFileType = image.png; path = DontLoop.png; sourceTree = "<group>"; };
		01CE424B0F06D4A3009D7A86 /* AudioToolbox.framework */ = {isa = PBXFileReference; lastKnownFileType = wrapper.framework; name = AudioToolbox.framework; path = System/Library/Frameworks/AudioToolbox.framework; sourceTree = SDKROOT; };
		01F309010F00375E007E285D /* SimpleAudioPlayerInfo.plist */ = {isa = PBXFileReference; fileEncoding = 4; lastKnownFileType = text.plist.xml; path = SimpleAudioPlayerInfo.plist; sourceTree = "<group>"; };
		01F309250F003EC6007E285D /* AVFoundation.framework */ = {isa = PBXFileReference; lastKnownFileType = wrapper.framework; name = AVFoundation.framework; path = System/Library/Frameworks/AVFoundation.framework; sourceTree = SDKROOT; };
		01F309560F00490B007E285D /* Icon.png */ = {isa = PBXFileReference; lastKnownFileType = image.png; path = Icon.png; sourceTree = "<group>"; };
		01F3099C0F004DA4007E285D /* SimpleMinutesSecondsFormatter.h */ = {isa = PBXFileReference; fileEncoding = 4; lastKnownFileType = sourcecode.c.h; path = SimpleMinutesSecondsFormatter.h; sourceTree = "<group>"; };
		01F3099D0F004DA4007E285D /* SimpleMinutesSecondsFormatter.m */ = {isa = PBXFileReference; fileEncoding = 4; lastKnownFileType = sourcecode.c.objc; path = SimpleMinutesSecondsFormatter.m; sourceTree = "<group>"; };
		01F30A1E0F016AEF007E285D /* LevelMeterView.h */ = {isa = PBXFileReference; fileEncoding = 4; lastKnownFileType = sourcecode.c.h; path = LevelMeterView.h; sourceTree = "<group>"; };
		01F30A1F0F016AEF007E285D /* LevelMeterView.m */ = {isa = PBXFileReference; fileEncoding = 4; lastKnownFileType = sourcecode.c.objc; path = LevelMeterView.m; sourceTree = "<group>"; };
		1D30AB110D05D00D00671497 /* Foundation.framework */ = {isa = PBXFileReference; lastKnownFileType = wrapper.framework; name = Foundation.framework; path = System/Library/Frameworks/Foundation.framework; sourceTree = SDKROOT; };
		1D3623240D0F684500981E51 /* SimpleAudioPlayerAppDelegate.h */ = {isa = PBXFileReference; fileEncoding = 4; lastKnownFileType = sourcecode.c.h; path = SimpleAudioPlayerAppDelegate.h; sourceTree = "<group>"; };
		1D3623250D0F684500981E51 /* SimpleAudioPlayerAppDelegate.m */ = {isa = PBXFileReference; fileEncoding = 4; lastKnownFileType = sourcecode.c.objc; path = SimpleAudioPlayerAppDelegate.m; sourceTree = "<group>"; };
		1D6058910D05DD3D006BFB54 /* SimpleAudioPlayer.app */ = {isa = PBXFileReference; explicitFileType = wrapper.application; includeInIndex = 0; path = SimpleAudioPlayer.app; sourceTree = BUILT_PRODUCTS_DIR; };
		1DF5F4DF0D08C38300B7A737 /* UIKit.framework */ = {isa = PBXFileReference; lastKnownFileType = wrapper.framework; name = UIKit.framework; path = System/Library/Frameworks/UIKit.framework; sourceTree = SDKROOT; };
		288765A40DF7441C002DB57D /* CoreGraphics.framework */ = {isa = PBXFileReference; lastKnownFileType = wrapper.framework; name = CoreGraphics.framework; path = System/Library/Frameworks/CoreGraphics.framework; sourceTree = SDKROOT; };
		2899E5210DE3E06400AC0155 /* SimpleAudioPlayerViewController.xib */ = {isa = PBXFileReference; lastKnownFileType = file.xib; path = SimpleAudioPlayerViewController.xib; sourceTree = "<group>"; };
		28AD733E0D9D9553002E5188 /* MainWindow.xib */ = {isa = PBXFileReference; lastKnownFileType = file.xib; path = MainWindow.xib; sourceTree = "<group>"; };
		28D7ACF60DDB3853001CB0EB /* SimpleAudioPlayerViewController.h */ = {isa = PBXFileReference; fileEncoding = 4; lastKnownFileType = sourcecode.c.h; path = SimpleAudioPlayerViewController.h; sourceTree = "<group>"; };
		28D7ACF70DDB3853001CB0EB /* SimpleAudioPlayerViewController.m */ = {isa = PBXFileReference; fileEncoding = 4; lastKnownFileType = sourcecode.c.objc; path = SimpleAudioPlayerViewController.m; sourceTree = "<group>"; };
		29B97316FDCFA39411CA2CEA /* main.m */ = {isa = PBXFileReference; fileEncoding = 4; lastKnownFileType = sourcecode.c.objc; path = main.m; sourceTree = "<group>"; };
		32CA4F630368D1EE00C91783 /* SimpleAudioPlayer_Prefix.pch */ = {isa = PBXFileReference; fileEncoding = 4; lastKnownFileType = sourcecode.c.h; path = SimpleAudioPlayer_Prefix.pch; sourceTree = "<group>"; };
		37F0C22E0F5F281700BAB9F2 /* 春天里.mp3 */ = {isa = PBXFileReference; lastKnownFileType = audio.mp3; path = "春天里.mp3"; sourceTree = "<group>"; };
		8D1107310486CEB800E47090 /* Info.plist */ = {isa = PBXFileReference; fileEncoding = 4; lastKnownFileType = text.plist.xml; path = Info.plist; sourceTree = "<group>"; };
/* End PBXFileReference section */

/* Begin PBXFrameworksBuildPhase section */
		1D60588F0D05DD3D006BFB54 /* Frameworks */ = {
			isa = PBXFrameworksBuildPhase;
			buildActionMask = 2147483647;
			files = (
				1D60589F0D05DD5A006BFB54 /* Foundation.framework in Frameworks */,
				1DF5F4E00D08C38300B7A737 /* UIKit.framework in Frameworks */,
				288765A50DF7441C002DB57D /* CoreGraphics.framework in Frameworks */,
				01F309260F003EC6007E285D /* AVFoundation.framework in Frameworks */,
				01CE424C0F06D4A3009D7A86 /* AudioToolbox.framework in Frameworks */,
			);
			runOnlyForDeploymentPostprocessing = 0;
		};
/* End PBXFrameworksBuildPhase section */

/* Begin PBXGroup section */
		080E96DDFE201D6D7F000001 /* Classes */ = {
			isa = PBXGroup;
			children = (
				1D3623240D0F684500981E51 /* SimpleAudioPlayerAppDelegate.h */,
				1D3623250D0F684500981E51 /* SimpleAudioPlayerAppDelegate.m */,
				28D7ACF60DDB3853001CB0EB /* SimpleAudioPlayerViewController.h */,
				28D7ACF70DDB3853001CB0EB /* SimpleAudioPlayerViewController.m */,
				01F3099C0F004DA4007E285D /* SimpleMinutesSecondsFormatter.h */,
				01F3099D0F004DA4007E285D /* SimpleMinutesSecondsFormatter.m */,
				01F30A1E0F016AEF007E285D /* LevelMeterView.h */,
				01F30A1F0F016AEF007E285D /* LevelMeterView.m */,
			);
			path = Classes;
			sourceTree = "<group>";
		};
		19C28FACFE9D520D11CA2CBB /* Products */ = {
			isa = PBXGroup;
			children = (
				1D6058910D05DD3D006BFB54 /* SimpleAudioPlayer.app */,
			);
			name = Products;
			sourceTree = "<group>";
		};
		29B97314FDCFA39411CA2CEA /* CustomTemplate */ = {
			isa = PBXGroup;
			children = (
				080E96DDFE201D6D7F000001 /* Classes */,
				29B97315FDCFA39411CA2CEA /* Other Sources */,
				29B97323FDCFA39411CA2CEA /* Frameworks */,
				19C28FACFE9D520D11CA2CBB /* Products */,
			);
			name = CustomTemplate;
			sourceTree = "<group>";
		};
		29B97315FDCFA39411CA2CEA /* Other Sources */ = {
			isa = PBXGroup;
			children = (
				29B97317FDCFA39411CA2CEA /* Resources */,
				32CA4F630368D1EE00C91783 /* SimpleAudioPlayer_Prefix.pch */,
				29B97316FDCFA39411CA2CEA /* main.m */,
			);
			name = "Other Sources";
			sourceTree = "<group>";
		};
		29B97317FDCFA39411CA2CEA /* Resources */ = {
			isa = PBXGroup;
			children = (
				37F0C22E0F5F281700BAB9F2 /* 春天里.mp3 */,
				011E80170F01949F0096FEB9 /* PlayButton.png */,
				011E80180F01949F0096FEB9 /* PauseButton.png */,
				011E80190F01949F0096FEB9 /* Loop.png */,
				011E801A0F01949F0096FEB9 /* DontLoop.png */,
				01F309560F00490B007E285D /* Icon.png */,
				2899E5210DE3E06400AC0155 /* SimpleAudioPlayerViewController.xib */,
				28AD733E0D9D9553002E5188 /* MainWindow.xib */,
				8D1107310486CEB800E47090 /* Info.plist */,
				01F309010F00375E007E285D /* SimpleAudioPlayerInfo.plist */,
			);
			name = Resources;
			sourceTree = "<group>";
		};
		29B97323FDCFA39411CA2CEA /* Frameworks */ = {
			isa = PBXGroup;
			children = (
				01CE424B0F06D4A3009D7A86 /* AudioToolbox.framework */,
				01F309250F003EC6007E285D /* AVFoundation.framework */,
				1DF5F4DF0D08C38300B7A737 /* UIKit.framework */,
				1D30AB110D05D00D00671497 /* Foundation.framework */,
				288765A40DF7441C002DB57D /* CoreGraphics.framework */,
			);
			name = Frameworks;
			sourceTree = "<group>";
		};
/* End PBXGroup section */

/* Begin PBXNativeTarget section */
		1D6058900D05DD3D006BFB54 /* SimpleAudioPlayer */ = {
			isa = PBXNativeTarget;
			buildConfigurationList = 1D6058960D05DD3E006BFB54 /* Build configuration list for PBXNativeTarget "SimpleAudioPlayer" */;
			buildPhases = (
				1D60588D0D05DD3D006BFB54 /* Resources */,
				1D60588E0D05DD3D006BFB54 /* Sources */,
				1D60588F0D05DD3D006BFB54 /* Frameworks */,
			);
			buildRules = (
			);
			dependencies = (
			);
			name = SimpleAudioPlayer;
			productName = SimpleAudioPlayer;
			productReference = 1D6058910D05DD3D006BFB54 /* SimpleAudioPlayer.app */;
			productType = "com.apple.product-type.application";
		};
/* End PBXNativeTarget section */

/* Begin PBXProject section */
		29B97313FDCFA39411CA2CEA /* Project object */ = {
			isa = PBXProject;
			buildConfigurationList = C01FCF4E08A954540054247B /* Build configuration list for PBXProject "SimpleAudioPlayer" */;
			compatibilityVersion = "Xcode 3.1";
			developmentRegion = English;
			hasScannedForEncodings = 1;
			knownRegions = (
				en,
			);
			mainGroup = 29B97314FDCFA39411CA2CEA /* CustomTemplate */;
			projectDirPath = "";
			projectRoot = "";
			targets = (
				1D6058900D05DD3D006BFB54 /* SimpleAudioPlayer */,
			);
		};
/* End PBXProject section */

/* Begin PBXResourcesBuildPhase section */
		1D60588D0D05DD3D006BFB54 /* Resources */ = {
			isa = PBXResourcesBuildPhase;
			buildActionMask = 2147483647;
			files = (
				28AD733F0D9D9553002E5188 /* MainWindow.xib in Resources */,
				2899E5220DE3E06400AC0155 /* SimpleAudioPlayerViewController.xib in Resources */,
				01F309020F00375E007E285D /* SimpleAudioPlayerInfo.plist in Resources */,
				01F309570F00490B007E285D /* Icon.png in Resources */,
				011E801B0F01949F0096FEB9 /* PlayButton.png in Resources */,
				011E801C0F01949F0096FEB9 /* PauseButton.png in Resources */,
				011E801D0F01949F0096FEB9 /* Loop.png in Resources */,
				011E801E0F01949F0096FEB9 /* DontLoop.png in Resources */,
				37F0C22F0F5F281700BAB9F2 /* 春天里.mp3 in Resources */,
			);
			runOnlyForDeploymentPostprocessing = 0;
		};
/* End PBXResourcesBuildPhase section */

/* Begin PBXSourcesBuildPhase section */
		1D60588E0D05DD3D006BFB54 /* Sources */ = {
			isa = PBXSourcesBuildPhase;
			buildActionMask = 2147483647;
			files = (
				1D60589B0D05DD56006BFB54 /* main.m in Sources */,
				1D3623260D0F684500981E51 /* SimpleAudioPlayerAppDelegate.m in Sources */,
				28D7ACF80DDB3853001CB0EB /* SimpleAudioPlayerViewController.m in Sources */,
				01F3099E0F004DA4007E285D /* SimpleMinutesSecondsFormatter.m in Sources */,
				01F30A200F016AEF007E285D /* LevelMeterView.m in Sources */,
			);
			runOnlyForDeploymentPostprocessing = 0;
		};
/* End PBXSourcesBuildPhase section */

/* Begin XCBuildConfiguration section */
		1D6058940D05DD3E006BFB54 /* Debug */ = {
			isa = XCBuildConfiguration;
			buildSettings = {
				ALWAYS_SEARCH_USER_PATHS = NO;
				"CODE_SIGN_IDENTITY[sdk=iphoneos*]" = "Don't Code Sign";
				COPY_PHASE_STRIP = NO;
				GCC_DYNAMIC_NO_PIC = NO;
				GCC_OPTIMIZATION_LEVEL = 0;
				GCC_PRECOMPILE_PREFIX_HEADER = YES;
				GCC_PREFIX_HEADER = SimpleAudioPlayer_Prefix.pch;
				INFOPLIST_FILE = Info.plist;
				PRODUCT_NAME = SimpleAudioPlayer;
			};
			name = Debug;
		};
		1D6058950D05DD3E006BFB54 /* Release */ = {
			isa = XCBuildConfiguration;
			buildSettings = {
				ALWAYS_SEARCH_USER_PATHS = NO;
				COPY_PHASE_STRIP = YES;
				GCC_PRECOMPILE_PREFIX_HEADER = YES;
				GCC_PREFIX_HEADER = SimpleAudioPlayer_Prefix.pch;
				INFOPLIST_FILE = Info.plist;
				PRODUCT_NAME = SimpleAudioPlayer;
			};
			name = Release;
		};
		C01FCF4F08A954540054247B /* Debug */ = {
			isa = XCBuildConfiguration;
			buildSettings = {
				ARCHS = "$(ARCHS_STANDARD_32_BIT)";
				"CODE_SIGN_IDENTITY[sdk=iphoneos*]" = "iPhone Developer";
				GCC_C_LANGUAGE_STANDARD = c99;
				GCC_WARN_ABOUT_RETURN_TYPE = YES;
				GCC_WARN_UNUSED_VARIABLE = YES;
				ONLY_ACTIVE_ARCH = YES;
				PREBINDING = NO;
				SDKROOT = iphoneos;
			};
			name = Debug;
		};
		C01FCF5008A954540054247B /* Release */ = {
			isa = XCBuildConfiguration;
			buildSettings = {
				ARCHS = "$(ARCHS_STANDARD_32_BIT)";
				"CODE_SIGN_IDENTITY[sdk=iphoneos*]" = "iPhone Developer";
				GCC_C_LANGUAGE_STANDARD = c99;
				GCC_WARN_ABOUT_RETURN_TYPE = YES;
				GCC_WARN_UNUSED_VARIABLE = YES;
				PREBINDING = NO;
				SDKROOT = iphoneos;
			};
			name = Release;
		};
/* End XCBuildConfiguration section */

/* Begin XCConfigurationList section */
		1D6058960D05DD3E006BFB54 /* Build configuration list for PBXNativeTarget "SimpleAudioPlayer" */ = {
			isa = XCConfigurationList;
			buildConfigurations = (
				1D6058940D05DD3E006BFB54 /* Debug */,
				1D6058950D05DD3E006BFB54 /* Release */,
			);
			defaultConfigurationIsVisible = 0;
			defaultConfigurationName = Release;
		};
		C01FCF4E08A954540054247B /* Build configuration list for PBXProject "SimpleAudioPlayer" */ = {
			isa = XCConfigurationList;
			buildConfigurations = (
				C01FCF4F08A954540054247B /* Debug */,
				C01FCF5008A954540054247B /* Release */,
			);
			defaultConfigurationIsVisible = 0;
			defaultConfigurationName = Release;
		};
/* End XCConfigurationList section */
	};
	rootObject = 29B97313FDCFA39411CA2CEA /* Project object */;
}
